// !$*UTF8*$!
{
	archiveVersion = 1;
	classes = {
	};
	objectVersion = 56;
	objects = {

/* Begin PBXBuildFile section */
		8003D7FF2B690AFF00995888 /* Shake.swift in Sources */ = {isa = PBXBuildFile; fileRef = 8003D7FE2B690AFF00995888 /* Shake.swift */; };
		8044E28C2B6A6FC80045C454 /* ToastView.swift in Sources */ = {isa = PBXBuildFile; fileRef = 8044E28B2B6A6FC80045C454 /* ToastView.swift */; };
		8044E28E2B6A94480045C454 /* Statistic.swift in Sources */ = {isa = PBXBuildFile; fileRef = 8044E28D2B6A94480045C454 /* Statistic.swift */; };
		8044E2902B6A97ED0045C454 /* StatsView.swift in Sources */ = {isa = PBXBuildFile; fileRef = 8044E28F2B6A97ED0045C454 /* StatsView.swift */; };
		805929E62B6932980045454D /* FlipView.swift in Sources */ = {isa = PBXBuildFile; fileRef = 805929E52B6932980045454D /* FlipView.swift */; };
		80B539E42B6BCF6E00F659AF /* UIWindow+Ext.swift in Sources */ = {isa = PBXBuildFile; fileRef = 80B539E32B6BCF6E00F659AF /* UIWindow+Ext.swift */; };
		80B539E62B6C33CA00F659AF /* ColorSchemeManager.swift in Sources */ = {isa = PBXBuildFile; fileRef = 80B539E52B6C33CA00F659AF /* ColorSchemeManager.swift */; };
		80B539E82B6C34BB00F659AF /* SettingsView.swift in Sources */ = {isa = PBXBuildFile; fileRef = 80B539E72B6C34BB00F659AF /* SettingsView.swift */; };
		80B539EA2B6C3E4200F659AF /* InfoView.swift in Sources */ = {isa = PBXBuildFile; fileRef = 80B539E92B6C3E4200F659AF /* InfoView.swift */; };
		80EC0FF12B686A4600485B38 /* WordleAppApp.swift in Sources */ = {isa = PBXBuildFile; fileRef = 80EC0FF02B686A4600485B38 /* WordleAppApp.swift */; };
		80EC0FF82B686A4800485B38 /* Preview Assets.xcassets in Resources */ = {isa = PBXBuildFile; fileRef = 80EC0FF72B686A4800485B38 /* Preview Assets.xcassets */; };
		80EC101D2B686AA400485B38 /* GameView.swift in Sources */ = {isa = PBXBuildFile; fileRef = 80EC100F2B686AA400485B38 /* GameView.swift */; };
		80EC101E2B686AA400485B38 /* GuessView.swift in Sources */ = {isa = PBXBuildFile; fileRef = 80EC10102B686AA400485B38 /* GuessView.swift */; };
		80EC101F2B686AA400485B38 /* LetterButtonView.swift in Sources */ = {isa = PBXBuildFile; fileRef = 80EC10112B686AA400485B38 /* LetterButtonView.swift */; };
		80EC10202B686AA400485B38 /* Keyboard.swift in Sources */ = {isa = PBXBuildFile; fileRef = 80EC10122B686AA400485B38 /* Keyboard.swift */; };
		80EC10212B686AA400485B38 /* WordleDataModel.swift in Sources */ = {isa = PBXBuildFile; fileRef = 80EC10142B686AA400485B38 /* WordleDataModel.swift */; };
		80EC10222B686AA400485B38 /* Global.swift in Sources */ = {isa = PBXBuildFile; fileRef = 80EC10162B686AA400485B38 /* Global.swift */; };
		80EC10232B686AA400485B38 /* Guess.swift in Sources */ = {isa = PBXBuildFile; fileRef = 80EC10172B686AA400485B38 /* Guess.swift */; };
		80EC10242B686AA400485B38 /* Assets.xcassets in Resources */ = {isa = PBXBuildFile; fileRef = 80EC10182B686AA400485B38 /* Assets.xcassets */; };
		80EC10262B686AA400485B38 /* Launch Screen.storyboard in Resources */ = {isa = PBXBuildFile; fileRef = 80EC101A2B686AA400485B38 /* Launch Screen.storyboard */; };
		80EC10272B686AA400485B38 /* Color+Ext.swift in Sources */ = {isa = PBXBuildFile; fileRef = 80EC101C2B686AA400485B38 /* Color+Ext.swift */; };
/* End PBXBuildFile section */

/* Begin PBXFileReference section */
		8003D7FE2B690AFF00995888 /* Shake.swift */ = {isa = PBXFileReference; lastKnownFileType = sourcecode.swift; path = Shake.swift; sourceTree = "<group>"; };
		8044E28B2B6A6FC80045C454 /* ToastView.swift */ = {isa = PBXFileReference; lastKnownFileType = sourcecode.swift; path = ToastView.swift; sourceTree = "<group>"; };
		8044E28D2B6A94480045C454 /* Statistic.swift */ = {isa = PBXFileReference; lastKnownFileType = sourcecode.swift; path = Statistic.swift; sourceTree = "<group>"; };
		8044E28F2B6A97ED0045C454 /* StatsView.swift */ = {isa = PBXFileReference; lastKnownFileType = sourcecode.swift; path = StatsView.swift; sourceTree = "<group>"; };
		805929E52B6932980045454D /* FlipView.swift */ = {isa = PBXFileReference; lastKnownFileType = sourcecode.swift; path = FlipView.swift; sourceTree = "<group>"; };
		80B539E32B6BCF6E00F659AF /* UIWindow+Ext.swift */ = {isa = PBXFileReference; lastKnownFileType = sourcecode.swift; path = "UIWindow+Ext.swift"; sourceTree = "<group>"; };
		80B539E52B6C33CA00F659AF /* ColorSchemeManager.swift */ = {isa = PBXFileReference; lastKnownFileType = sourcecode.swift; path = ColorSchemeManager.swift; sourceTree = "<group>"; };
		80B539E72B6C34BB00F659AF /* SettingsView.swift */ = {isa = PBXFileReference; lastKnownFileType = sourcecode.swift; path = SettingsView.swift; sourceTree = "<group>"; };
		80B539E92B6C3E4200F659AF /* InfoView.swift */ = {isa = PBXFileReference; lastKnownFileType = sourcecode.swift; path = InfoView.swift; sourceTree = "<group>"; };
		80EC0FED2B686A4600485B38 /* WordleApp.app */ = {isa = PBXFileReference; explicitFileType = wrapper.application; includeInIndex = 0; path = WordleApp.app; sourceTree = BUILT_PRODUCTS_DIR; };
		80EC0FF02B686A4600485B38 /* WordleAppApp.swift */ = {isa = PBXFileReference; lastKnownFileType = sourcecode.swift; path = WordleAppApp.swift; sourceTree = "<group>"; };
		80EC0FF72B686A4800485B38 /* Preview Assets.xcassets */ = {isa = PBXFileReference; lastKnownFileType = folder.assetcatalog; path = "Preview Assets.xcassets"; sourceTree = "<group>"; };
		80EC100F2B686AA400485B38 /* GameView.swift */ = {isa = PBXFileReference; fileEncoding = 4; lastKnownFileType = sourcecode.swift; path = GameView.swift; sourceTree = "<group>"; };
		80EC10102B686AA400485B38 /* GuessView.swift */ = {isa = PBXFileReference; fileEncoding = 4; lastKnownFileType = sourcecode.swift; path = GuessView.swift; sourceTree = "<group>"; };
		80EC10112B686AA400485B38 /* LetterButtonView.swift */ = {isa = PBXFileReference; fileEncoding = 4; lastKnownFileType = sourcecode.swift; path = LetterButtonView.swift; sourceTree = "<group>"; };
		80EC10122B686AA400485B38 /* Keyboard.swift */ = {isa = PBXFileReference; fileEncoding = 4; lastKnownFileType = sourcecode.swift; path = Keyboard.swift; sourceTree = "<group>"; };
		80EC10142B686AA400485B38 /* WordleDataModel.swift */ = {isa = PBXFileReference; fileEncoding = 4; lastKnownFileType = sourcecode.swift; path = WordleDataModel.swift; sourceTree = "<group>"; };
		80EC10162B686AA400485B38 /* Global.swift */ = {isa = PBXFileReference; fileEncoding = 4; lastKnownFileType = sourcecode.swift; path = Global.swift; sourceTree = "<group>"; };
		80EC10172B686AA400485B38 /* Guess.swift */ = {isa = PBXFileReference; fileEncoding = 4; lastKnownFileType = sourcecode.swift; path = Guess.swift; sourceTree = "<group>"; };
		80EC10182B686AA400485B38 /* Assets.xcassets */ = {isa = PBXFileReference; lastKnownFileType = folder.assetcatalog; path = Assets.xcassets; sourceTree = "<group>"; };
		80EC101A2B686AA400485B38 /* Launch Screen.storyboard */ = {isa = PBXFileReference; fileEncoding = 4; lastKnownFileType = file.storyboard; path = "Launch Screen.storyboard"; sourceTree = "<group>"; };
		80EC101C2B686AA400485B38 /* Color+Ext.swift */ = {isa = PBXFileReference; fileEncoding = 4; lastKnownFileType = sourcecode.swift; path = "Color+Ext.swift"; sourceTree = "<group>"; };
/* End PBXFileReference section */

/* Begin PBXFrameworksBuildPhase section */
		80EC0FEA2B686A4600485B38 /* Frameworks */ = {
			isa = PBXFrameworksBuildPhase;
			buildActionMask = 2147483647;
			files = (
			);
			runOnlyForDeploymentPostprocessing = 0;
		};
/* End PBXFrameworksBuildPhase section */

/* Begin PBXGroup section */
		8003D7FD2B690AF800995888 /* Animations */ = {
			isa = PBXGroup;
			children = (
				8003D7FE2B690AFF00995888 /* Shake.swift */,
				805929E52B6932980045454D /* FlipView.swift */,
			);
			path = Animations;
			sourceTree = "<group>";
		};
		80EC0FE42B686A4600485B38 = {
			isa = PBXGroup;
			children = (
				80EC0FEF2B686A4600485B38 /* WordleApp */,
				80EC0FEE2B686A4600485B38 /* Products */,
			);
			sourceTree = "<group>";
		};
		80EC0FEE2B686A4600485B38 /* Products */ = {
			isa = PBXGroup;
			children = (
				80EC0FED2B686A4600485B38 /* WordleApp.app */,
			);
			name = Products;
			sourceTree = "<group>";
		};
		80EC0FEF2B686A4600485B38 /* WordleApp */ = {
			isa = PBXGroup;
			children = (
				8003D7FD2B690AF800995888 /* Animations */,
				80EC10132B686AA400485B38 /* ViewModels */,
				80EC100E2B686AA400485B38 /* Views */,
				80EC0FF02B686A4600485B38 /* WordleAppApp.swift */,
				80EC10152B686AA400485B38 /* Models */,
				80EC101B2B686AA400485B38 /* Extensions */,
				80EC10182B686AA400485B38 /* Assets.xcassets */,
				80EC101A2B686AA400485B38 /* Launch Screen.storyboard */,
				80EC0FF62B686A4800485B38 /* Preview Content */,
			);
			path = WordleApp;
			sourceTree = "<group>";
		};
		80EC0FF62B686A4800485B38 /* Preview Content */ = {
			isa = PBXGroup;
			children = (
				80EC0FF72B686A4800485B38 /* Preview Assets.xcassets */,
			);
			path = "Preview Content";
			sourceTree = "<group>";
		};
		80EC100E2B686AA400485B38 /* Views */ = {
			isa = PBXGroup;
			children = (
				80EC100F2B686AA400485B38 /* GameView.swift */,
				80EC10102B686AA400485B38 /* GuessView.swift */,
				80EC10112B686AA400485B38 /* LetterButtonView.swift */,
				80EC10122B686AA400485B38 /* Keyboard.swift */,
				8044E28B2B6A6FC80045C454 /* ToastView.swift */,
				8044E28F2B6A97ED0045C454 /* StatsView.swift */,
				80B539E72B6C34BB00F659AF /* SettingsView.swift */,
				80B539E92B6C3E4200F659AF /* InfoView.swift */,
			);
			path = Views;
			sourceTree = "<group>";
		};
		80EC10132B686AA400485B38 /* ViewModels */ = {
			isa = PBXGroup;
			children = (
				80EC10142B686AA400485B38 /* WordleDataModel.swift */,
				80B539E52B6C33CA00F659AF /* ColorSchemeManager.swift */,
			);
			path = ViewModels;
			sourceTree = "<group>";
		};
		80EC10152B686AA400485B38 /* Models */ = {
			isa = PBXGroup;
			children = (
				80EC10162B686AA400485B38 /* Global.swift */,
				80EC10172B686AA400485B38 /* Guess.swift */,
				8044E28D2B6A94480045C454 /* Statistic.swift */,
			);
			path = Models;
			sourceTree = "<group>";
		};
		80EC101B2B686AA400485B38 /* Extensions */ = {
			isa = PBXGroup;
			children = (
				80EC101C2B686AA400485B38 /* Color+Ext.swift */,
				80B539E32B6BCF6E00F659AF /* UIWindow+Ext.swift */,
			);
			path = Extensions;
			sourceTree = "<group>";
		};
/* End PBXGroup section */

/* Begin PBXNativeTarget section */
		80EC0FEC2B686A4600485B38 /* WordleApp */ = {
			isa = PBXNativeTarget;
			buildConfigurationList = 80EC0FFB2B686A4800485B38 /* Build configuration list for PBXNativeTarget "WordleApp" */;
			buildPhases = (
				80EC0FE92B686A4600485B38 /* Sources */,
				80EC0FEA2B686A4600485B38 /* Frameworks */,
				80EC0FEB2B686A4600485B38 /* Resources */,
			);
			buildRules = (
			);
			dependencies = (
			);
			name = WordleApp;
			productName = WordleApp;
			productReference = 80EC0FED2B686A4600485B38 /* WordleApp.app */;
			productType = "com.apple.product-type.application";
		};
/* End PBXNativeTarget section */

/* Begin PBXProject section */
		80EC0FE52B686A4600485B38 /* Project object */ = {
			isa = PBXProject;
			attributes = {
				BuildIndependentTargetsInParallel = 1;
				LastSwiftUpdateCheck = 1500;
				LastUpgradeCheck = 1500;
				TargetAttributes = {
					80EC0FEC2B686A4600485B38 = {
						CreatedOnToolsVersion = 15.0;
					};
				};
			};
			buildConfigurationList = 80EC0FE82B686A4600485B38 /* Build configuration list for PBXProject "WordleApp" */;
			compatibilityVersion = "Xcode 14.0";
			developmentRegion = en;
			hasScannedForEncodings = 0;
			knownRegions = (
				en,
				Base,
			);
			mainGroup = 80EC0FE42B686A4600485B38;
			productRefGroup = 80EC0FEE2B686A4600485B38 /* Products */;
			projectDirPath = "";
			projectRoot = "";
			targets = (
				80EC0FEC2B686A4600485B38 /* WordleApp */,
			);
		};
/* End PBXProject section */

/* Begin PBXResourcesBuildPhase section */
		80EC0FEB2B686A4600485B38 /* Resources */ = {
			isa = PBXResourcesBuildPhase;
			buildActionMask = 2147483647;
			files = (
				80EC10262B686AA400485B38 /* Launch Screen.storyboard in Resources */,
				80EC10242B686AA400485B38 /* Assets.xcassets in Resources */,
				80EC0FF82B686A4800485B38 /* Preview Assets.xcassets in Resources */,
			);
			runOnlyForDeploymentPostprocessing = 0;
		};
/* End PBXResourcesBuildPhase section */

/* Begin PBXSourcesBuildPhase section */
		80EC0FE92B686A4600485B38 /* Sources */ = {
			isa = PBXSourcesBuildPhase;
			buildActionMask = 2147483647;
			files = (
				80EC10222B686AA400485B38 /* Global.swift in Sources */,
				80B539E42B6BCF6E00F659AF /* UIWindow+Ext.swift in Sources */,
				80B539E62B6C33CA00F659AF /* ColorSchemeManager.swift in Sources */,
				805929E62B6932980045454D /* FlipView.swift in Sources */,
				80EC10212B686AA400485B38 /* WordleDataModel.swift in Sources */,
				80B539E82B6C34BB00F659AF /* SettingsView.swift in Sources */,
				80EC101E2B686AA400485B38 /* GuessView.swift in Sources */,
				8044E28C2B6A6FC80045C454 /* ToastView.swift in Sources */,
				80EC101D2B686AA400485B38 /* GameView.swift in Sources */,
				80EC10232B686AA400485B38 /* Guess.swift in Sources */,
				80EC10272B686AA400485B38 /* Color+Ext.swift in Sources */,
				8003D7FF2B690AFF00995888 /* Shake.swift in Sources */,
				80EC0FF12B686A4600485B38 /* WordleAppApp.swift in Sources */,
				80EC10202B686AA400485B38 /* Keyboard.swift in Sources */,
				80EC101F2B686AA400485B38 /* LetterButtonView.swift in Sources */,
				8044E2902B6A97ED0045C454 /* StatsView.swift in Sources */,
				80B539EA2B6C3E4200F659AF /* InfoView.swift in Sources */,
				8044E28E2B6A94480045C454 /* Statistic.swift in Sources */,
			);
			runOnlyForDeploymentPostprocessing = 0;
		};
/* End PBXSourcesBuildPhase section */

/* Begin XCBuildConfiguration section */
		80EC0FF92B686A4800485B38 /* Debug */ = {
			isa = XCBuildConfiguration;
			buildSettings = {
				ALWAYS_SEARCH_USER_PATHS = NO;
				ASSETCATALOG_COMPILER_GENERATE_SWIFT_ASSET_SYMBOL_EXTENSIONS = YES;
				CLANG_ANALYZER_NONNULL = YES;
				CLANG_ANALYZER_NUMBER_OBJECT_CONVERSION = YES_AGGRESSIVE;
				CLANG_CXX_LANGUAGE_STANDARD = "gnu++20";
				CLANG_ENABLE_MODULES = YES;
				CLANG_ENABLE_OBJC_ARC = YES;
				CLANG_ENABLE_OBJC_WEAK = YES;
				CLANG_WARN_BLOCK_CAPTURE_AUTORELEASING = YES;
				CLANG_WARN_BOOL_CONVERSION = YES;
				CLANG_WARN_COMMA = YES;
				CLANG_WARN_CONSTANT_CONVERSION = YES;
				CLANG_WARN_DEPRECATED_OBJC_IMPLEMENTATIONS = YES;
				CLANG_WARN_DIRECT_OBJC_ISA_USAGE = YES_ERROR;
				CLANG_WARN_DOCUMENTATION_COMMENTS = YES;
				CLANG_WARN_EMPTY_BODY = YES;
				CLANG_WARN_ENUM_CONVERSION = YES;
				CLANG_WARN_INFINITE_RECURSION = YES;
				CLANG_WARN_INT_CONVERSION = YES;
				CLANG_WARN_NON_LITERAL_NULL_CONVERSION = YES;
				CLANG_WARN_OBJC_IMPLICIT_RETAIN_SELF = YES;
				CLANG_WARN_OBJC_LITERAL_CONVERSION = YES;
				CLANG_WARN_OBJC_ROOT_CLASS = YES_ERROR;
				CLANG_WARN_QUOTED_INCLUDE_IN_FRAMEWORK_HEADER = YES;
				CLANG_WARN_RANGE_LOOP_ANALYSIS = YES;
				CLANG_WARN_STRICT_PROTOTYPES = YES;
				CLANG_WARN_SUSPICIOUS_MOVE = YES;
				CLANG_WARN_UNGUARDED_AVAILABILITY = YES_AGGRESSIVE;
				CLANG_WARN_UNREACHABLE_CODE = YES;
				CLANG_WARN__DUPLICATE_METHOD_MATCH = YES;
				COPY_PHASE_STRIP = NO;
				DEBUG_INFORMATION_FORMAT = dwarf;
				ENABLE_STRICT_OBJC_MSGSEND = YES;
				ENABLE_TESTABILITY = YES;
				ENABLE_USER_SCRIPT_SANDBOXING = YES;
				GCC_C_LANGUAGE_STANDARD = gnu17;
				GCC_DYNAMIC_NO_PIC = NO;
				GCC_NO_COMMON_BLOCKS = YES;
				GCC_OPTIMIZATION_LEVEL = 0;
				GCC_PREPROCESSOR_DEFINITIONS = (
					"DEBUG=1",
					"$(inherited)",
				);
				GCC_WARN_64_TO_32_BIT_CONVERSION = YES;
				GCC_WARN_ABOUT_RETURN_TYPE = YES_ERROR;
				GCC_WARN_UNDECLARED_SELECTOR = YES;
				GCC_WARN_UNINITIALIZED_AUTOS = YES_AGGRESSIVE;
				GCC_WARN_UNUSED_FUNCTION = YES;
				GCC_WARN_UNUSED_VARIABLE = YES;
				IPHONEOS_DEPLOYMENT_TARGET = 17.0;
				LOCALIZATION_PREFERS_STRING_CATALOGS = YES;
				MTL_ENABLE_DEBUG_INFO = INCLUDE_SOURCE;
				MTL_FAST_MATH = YES;
				ONLY_ACTIVE_ARCH = YES;
				SDKROOT = iphoneos;
				SWIFT_ACTIVE_COMPILATION_CONDITIONS = "DEBUG $(inherited)";
				SWIFT_OPTIMIZATION_LEVEL = "-Onone";
			};
			name = Debug;
		};
		80EC0FFA2B686A4800485B38 /* Release */ = {
			isa = XCBuildConfiguration;
			buildSettings = {
				ALWAYS_SEARCH_USER_PATHS = NO;
				ASSETCATALOG_COMPILER_GENERATE_SWIFT_ASSET_SYMBOL_EXTENSIONS = YES;
				CLANG_ANALYZER_NONNULL = YES;
				CLANG_ANALYZER_NUMBER_OBJECT_CONVERSION = YES_AGGRESSIVE;
				CLANG_CXX_LANGUAGE_STANDARD = "gnu++20";
				CLANG_ENABLE_MODULES = YES;
				CLANG_ENABLE_OBJC_ARC = YES;
				CLANG_ENABLE_OBJC_WEAK = YES;
				CLANG_WARN_BLOCK_CAPTURE_AUTORELEASING = YES;
				CLANG_WARN_BOOL_CONVERSION = YES;
				CLANG_WARN_COMMA = YES;
				CLANG_WARN_CONSTANT_CONVERSION = YES;
				CLANG_WARN_DEPRECATED_OBJC_IMPLEMENTATIONS = YES;
				CLANG_WARN_DIRECT_OBJC_ISA_USAGE = YES_ERROR;
				CLANG_WARN_DOCUMENTATION_COMMENTS = YES;
				CLANG_WARN_EMPTY_BODY = YES;
				CLANG_WARN_ENUM_CONVERSION = YES;
				CLANG_WARN_INFINITE_RECURSION = YES;
				CLANG_WARN_INT_CONVERSION = YES;
				CLANG_WARN_NON_LITERAL_NULL_CONVERSION = YES;
				CLANG_WARN_OBJC_IMPLICIT_RETAIN_SELF = YES;
				CLANG_WARN_OBJC_LITERAL_CONVERSION = YES;
				CLANG_WARN_OBJC_ROOT_CLASS = YES_ERROR;
				CLANG_WARN_QUOTED_INCLUDE_IN_FRAMEWORK_HEADER = YES;
				CLANG_WARN_RANGE_LOOP_ANALYSIS = YES;
				CLANG_WARN_STRICT_PROTOTYPES = YES;
				CLANG_WARN_SUSPICIOUS_MOVE = YES;
				CLANG_WARN_UNGUARDED_AVAILABILITY = YES_AGGRESSIVE;
				CLANG_WARN_UNREACHABLE_CODE = YES;
				CLANG_WARN__DUPLICATE_METHOD_MATCH = YES;
				COPY_PHASE_STRIP = NO;
				DEBUG_INFORMATION_FORMAT = "dwarf-with-dsym";
				ENABLE_NS_ASSERTIONS = NO;
				ENABLE_STRICT_OBJC_MSGSEND = YES;
				ENABLE_USER_SCRIPT_SANDBOXING = YES;
				GCC_C_LANGUAGE_STANDARD = gnu17;
				GCC_NO_COMMON_BLOCKS = YES;
				GCC_WARN_64_TO_32_BIT_CONVERSION = YES;
				GCC_WARN_ABOUT_RETURN_TYPE = YES_ERROR;
				GCC_WARN_UNDECLARED_SELECTOR = YES;
				GCC_WARN_UNINITIALIZED_AUTOS = YES_AGGRESSIVE;
				GCC_WARN_UNUSED_FUNCTION = YES;
				GCC_WARN_UNUSED_VARIABLE = YES;
				IPHONEOS_DEPLOYMENT_TARGET = 17.0;
				LOCALIZATION_PREFERS_STRING_CATALOGS = YES;
				MTL_ENABLE_DEBUG_INFO = NO;
				MTL_FAST_MATH = YES;
				SDKROOT = iphoneos;
				SWIFT_COMPILATION_MODE = wholemodule;
				VALIDATE_PRODUCT = YES;
			};
			name = Release;
		};
		80EC0FFC2B686A4800485B38 /* Debug */ = {
			isa = XCBuildConfiguration;
			buildSettings = {
				ASSETCATALOG_COMPILER_APPICON_NAME = AppIcon;
				ASSETCATALOG_COMPILER_GLOBAL_ACCENT_COLOR_NAME = AccentColor;
				CODE_SIGN_STYLE = Automatic;
				CURRENT_PROJECT_VERSION = 1;
				DEVELOPMENT_ASSET_PATHS = "\"WordleApp/Preview Content\"";
				DEVELOPMENT_TEAM = 936XSD7LYL;
				ENABLE_PREVIEWS = YES;
				GENERATE_INFOPLIST_FILE = YES;
				INFOPLIST_KEY_UIApplicationSceneManifest_Generation = YES;
				INFOPLIST_KEY_UIApplicationSupportsIndirectInputEvents = YES;
				INFOPLIST_KEY_UILaunchScreen_Generation = YES;
				INFOPLIST_KEY_UILaunchStoryboardName = "Launch Screen.storyboard";
				INFOPLIST_KEY_UIRequiresFullScreen = YES;
				INFOPLIST_KEY_UISupportedInterfaceOrientations_iPad = "UIInterfaceOrientationPortrait UIInterfaceOrientationPortraitUpsideDown UIInterfaceOrientationLandscapeLeft UIInterfaceOrientationLandscapeRight";
				LD_RUNPATH_SEARCH_PATHS = (
					"$(inherited)",
					"@executable_path/Frameworks",
				);
				MARKETING_VERSION = 1.0;
				PRODUCT_BUNDLE_IDENTIFIER = com.ibrahimmbyrrm.WordleApp;
				PRODUCT_NAME = "$(TARGET_NAME)";
				SWIFT_EMIT_LOC_STRINGS = YES;
				SWIFT_VERSION = 5.0;
				TARGETED_DEVICE_FAMILY = "1,2";
			};
			name = Debug;
		};
		80EC0FFD2B686A4800485B38 /* Release */ = {
			isa = XCBuildConfiguration;
			buildSettings = {
				ASSETCATALOG_COMPILER_APPICON_NAME = AppIcon;
				ASSETCATALOG_COMPILER_GLOBAL_ACCENT_COLOR_NAME = AccentColor;
				CODE_SIGN_STYLE = Automatic;
				CURRENT_PROJECT_VERSION = 1;
				DEVELOPMENT_ASSET_PATHS = "\"WordleApp/Preview Content\"";
				DEVELOPMENT_TEAM = 936XSD7LYL;
				ENABLE_PREVIEWS = YES;
				GENERATE_INFOPLIST_FILE = YES;
				INFOPLIST_KEY_UIApplicationSceneManifest_Generation = YES;
				INFOPLIST_KEY_UIApplicationSupportsIndirectInputEvents = YES;
				INFOPLIST_KEY_UILaunchScreen_Generation = YES;
				INFOPLIST_KEY_UILaunchStoryboardName = "Launch Screen.storyboard";
				INFOPLIST_KEY_UIRequiresFullScreen = YES;
				INFOPLIST_KEY_UISupportedInterfaceOrientations_iPad = "UIInterfaceOrientationPortrait UIInterfaceOrientationPortraitUpsideDown UIInterfaceOrientationLandscapeLeft UIInterfaceOrientationLandscapeRight";
				LD_RUNPATH_SEARCH_PATHS = (
					"$(inherited)",
					"@executable_path/Frameworks",
				);
				MARKETING_VERSION = 1.0;
				PRODUCT_BUNDLE_IDENTIFIER = com.ibrahimmbyrrm.WordleApp;
				PRODUCT_NAME = "$(TARGET_NAME)";
				SWIFT_EMIT_LOC_STRINGS = YES;
				SWIFT_VERSION = 5.0;
				TARGETED_DEVICE_FAMILY = "1,2";
			};
			name = Release;
		};
/* End XCBuildConfiguration section */

/* Begin XCConfigurationList section */
		80EC0FE82B686A4600485B38 /* Build configuration list for PBXProject "WordleApp" */ = {
			isa = XCConfigurationList;
			buildConfigurations = (
				80EC0FF92B686A4800485B38 /* Debug */,
				80EC0FFA2B686A4800485B38 /* Release */,
			);
			defaultConfigurationIsVisible = 0;
			defaultConfigurationName = Release;
		};
		80EC0FFB2B686A4800485B38 /* Build configuration list for PBXNativeTarget "WordleApp" */ = {
			isa = XCConfigurationList;
			buildConfigurations = (
				80EC0FFC2B686A4800485B38 /* Debug */,
				80EC0FFD2B686A4800485B38 /* Release */,
			);
			defaultConfigurationIsVisible = 0;
			defaultConfigurationName = Release;
		};
/* End XCConfigurationList section */
	};
	rootObject = 80EC0FE52B686A4600485B38 /* Project object */;
}
